// !$*UTF8*$!
{
	archiveVersion = 1;
	classes = {
	};
	objectVersion = 50;
	objects = {

/* Begin PBXBuildFile section */
		EA7D362325ACDCB2005E3EBF /* AppDelegate.swift in Sources */ = {isa = PBXBuildFile; fileRef = EA7D362225ACDCB2005E3EBF /* AppDelegate.swift */; };
		EA7D362525ACDCB2005E3EBF /* SceneDelegate.swift in Sources */ = {isa = PBXBuildFile; fileRef = EA7D362425ACDCB2005E3EBF /* SceneDelegate.swift */; };
		EA7D362725ACDCB2005E3EBF /* ViewController.swift in Sources */ = {isa = PBXBuildFile; fileRef = EA7D362625ACDCB2005E3EBF /* ViewController.swift */; };
		EA7D362A25ACDCB2005E3EBF /* Main.storyboard in Resources */ = {isa = PBXBuildFile; fileRef = EA7D362825ACDCB2005E3EBF /* Main.storyboard */; };
		EA7D362C25ACDCB3005E3EBF /* Assets.xcassets in Resources */ = {isa = PBXBuildFile; fileRef = EA7D362B25ACDCB3005E3EBF /* Assets.xcassets */; };
		EA7D362F25ACDCB3005E3EBF /* LaunchScreen.storyboard in Resources */ = {isa = PBXBuildFile; fileRef = EA7D362D25ACDCB3005E3EBF /* LaunchScreen.storyboard */; };
		EA7D363F25AD76EA005E3EBF /* ViewController+AlertController.swift in Sources */ = {isa = PBXBuildFile; fileRef = EA7D363E25AD76EA005E3EBF /* ViewController+AlertController.swift */; };
		EA7D364225AD8571005E3EBF /* NetworkWeatherManager.swift in Sources */ = {isa = PBXBuildFile; fileRef = EA7D364125AD8571005E3EBF /* NetworkWeatherManager.swift */; };
		EA7D364525AD87B7005E3EBF /* Constants.swift in Sources */ = {isa = PBXBuildFile; fileRef = EA7D364425AD87B7005E3EBF /* Constants.swift */; };
		EA7D364925ADD1E5005E3EBF /* CurrentWeatherData.swift in Sources */ = {isa = PBXBuildFile; fileRef = EA7D364825ADD1E5005E3EBF /* CurrentWeatherData.swift */; };
		EA7D364C25ADD8F2005E3EBF /* CurrentWeather.swift in Sources */ = {isa = PBXBuildFile; fileRef = EA7D364B25ADD8F2005E3EBF /* CurrentWeather.swift */; };
		EA7D365225AEEE57005E3EBF /* Снимок экрана 2021-01-13 в 12.31.12.png in Resources */ = {isa = PBXBuildFile; fileRef = EA7D365025AEEE57005E3EBF /* Снимок экрана 2021-01-13 в 12.31.12.png */; };
		EA7D365325AEEE57005E3EBF /* Снимок экрана 2021-01-13 в 12.31.21.png in Resources */ = {isa = PBXBuildFile; fileRef = EA7D365125AEEE57005E3EBF /* Снимок экрана 2021-01-13 в 12.31.21.png */; };
/* End PBXBuildFile section */

/* Begin PBXFileReference section */
		EA7D361F25ACDCB2005E3EBF /* OpenWeatherMapAPI.app */ = {isa = PBXFileReference; explicitFileType = wrapper.application; includeInIndex = 0; path = OpenWeatherMapAPI.app; sourceTree = BUILT_PRODUCTS_DIR; };
		EA7D362225ACDCB2005E3EBF /* AppDelegate.swift */ = {isa = PBXFileReference; lastKnownFileType = sourcecode.swift; path = AppDelegate.swift; sourceTree = "<group>"; };
		EA7D362425ACDCB2005E3EBF /* SceneDelegate.swift */ = {isa = PBXFileReference; lastKnownFileType = sourcecode.swift; path = SceneDelegate.swift; sourceTree = "<group>"; };
		EA7D362625ACDCB2005E3EBF /* ViewController.swift */ = {isa = PBXFileReference; lastKnownFileType = sourcecode.swift; path = ViewController.swift; sourceTree = "<group>"; };
		EA7D362925ACDCB2005E3EBF /* Base */ = {isa = PBXFileReference; lastKnownFileType = file.storyboard; name = Base; path = Base.lproj/Main.storyboard; sourceTree = "<group>"; };
		EA7D362B25ACDCB3005E3EBF /* Assets.xcassets */ = {isa = PBXFileReference; lastKnownFileType = folder.assetcatalog; path = Assets.xcassets; sourceTree = "<group>"; };
		EA7D362E25ACDCB3005E3EBF /* Base */ = {isa = PBXFileReference; lastKnownFileType = file.storyboard; name = Base; path = Base.lproj/LaunchScreen.storyboard; sourceTree = "<group>"; };
		EA7D363025ACDCB3005E3EBF /* Info.plist */ = {isa = PBXFileReference; lastKnownFileType = text.plist.xml; path = Info.plist; sourceTree = "<group>"; };
		EA7D363E25AD76EA005E3EBF /* ViewController+AlertController.swift */ = {isa = PBXFileReference; lastKnownFileType = sourcecode.swift; path = "ViewController+AlertController.swift"; sourceTree = "<group>"; };
		EA7D364125AD8571005E3EBF /* NetworkWeatherManager.swift */ = {isa = PBXFileReference; lastKnownFileType = sourcecode.swift; path = NetworkWeatherManager.swift; sourceTree = "<group>"; };
		EA7D364425AD87B7005E3EBF /* Constants.swift */ = {isa = PBXFileReference; lastKnownFileType = sourcecode.swift; path = Constants.swift; sourceTree = "<group>"; };
		EA7D364825ADD1E5005E3EBF /* CurrentWeatherData.swift */ = {isa = PBXFileReference; lastKnownFileType = sourcecode.swift; path = CurrentWeatherData.swift; sourceTree = "<group>"; };
		EA7D364B25ADD8F2005E3EBF /* CurrentWeather.swift */ = {isa = PBXFileReference; lastKnownFileType = sourcecode.swift; path = CurrentWeather.swift; sourceTree = "<group>"; };
		EA7D365025AEEE57005E3EBF /* Снимок экрана 2021-01-13 в 12.31.12.png */ = {isa = PBXFileReference; lastKnownFileType = image.png; path = "Снимок экрана 2021-01-13 в 12.31.12.png"; sourceTree = "<group>"; };
		EA7D365125AEEE57005E3EBF /* Снимок экрана 2021-01-13 в 12.31.21.png */ = {isa = PBXFileReference; lastKnownFileType = image.png; path = "Снимок экрана 2021-01-13 в 12.31.21.png"; sourceTree = "<group>"; };
/* End PBXFileReference section */

/* Begin PBXFrameworksBuildPhase section */
		EA7D361C25ACDCB2005E3EBF /* Frameworks */ = {
			isa = PBXFrameworksBuildPhase;
			buildActionMask = 2147483647;
			files = (
			);
			runOnlyForDeploymentPostprocessing = 0;
		};
/* End PBXFrameworksBuildPhase section */

/* Begin PBXGroup section */
		EA7D361625ACDCB2005E3EBF = {
			isa = PBXGroup;
			children = (
				EA7D362125ACDCB2005E3EBF /* OpenWeatherMapAPI */,
				EA7D362025ACDCB2005E3EBF /* Products */,
			);
			sourceTree = "<group>";
		};
		EA7D362025ACDCB2005E3EBF /* Products */ = {
			isa = PBXGroup;
			children = (
				EA7D361F25ACDCB2005E3EBF /* OpenWeatherMapAPI.app */,
			);
			name = Products;
			sourceTree = "<group>";
		};
		EA7D362125ACDCB2005E3EBF /* OpenWeatherMapAPI */ = {
			isa = PBXGroup;
			children = (
				EA7D363925ACDE02005E3EBF /* Models */,
				EA7D363A25ACDE12005E3EBF /* Views */,
				EA7D363B25ACDE1B005E3EBF /* View Controllers */,
				EA7D363825ACDDF5005E3EBF /* Extensions */,
				EA7D364425AD87B7005E3EBF /* Constants.swift */,
				EA7D362225ACDCB2005E3EBF /* AppDelegate.swift */,
				EA7D362425ACDCB2005E3EBF /* SceneDelegate.swift */,
				EA7D362B25ACDCB3005E3EBF /* Assets.xcassets */,
				EA7D362D25ACDCB3005E3EBF /* LaunchScreen.storyboard */,
				EA7D363025ACDCB3005E3EBF /* Info.plist */,
				EA7D364F25AEEE18005E3EBF /* Screenshots */,
			);
			path = OpenWeatherMapAPI;
			sourceTree = "<group>";
		};
		EA7D363825ACDDF5005E3EBF /* Extensions */ = {
			isa = PBXGroup;
			children = (
				EA7D363E25AD76EA005E3EBF /* ViewController+AlertController.swift */,
			);
			path = Extensions;
			sourceTree = "<group>";
		};
		EA7D363925ACDE02005E3EBF /* Models */ = {
			isa = PBXGroup;
			children = (
				EA7D364125AD8571005E3EBF /* NetworkWeatherManager.swift */,
				EA7D364825ADD1E5005E3EBF /* CurrentWeatherData.swift */,
				EA7D364B25ADD8F2005E3EBF /* CurrentWeather.swift */,
			);
			path = Models;
			sourceTree = "<group>";
		};
		EA7D363A25ACDE12005E3EBF /* Views */ = {
			isa = PBXGroup;
			children = (
				EA7D362825ACDCB2005E3EBF /* Main.storyboard */,
			);
			path = Views;
			sourceTree = "<group>";
		};
		EA7D363B25ACDE1B005E3EBF /* View Controllers */ = {
			isa = PBXGroup;
			children = (
				EA7D362625ACDCB2005E3EBF /* ViewController.swift */,
			);
			path = "View Controllers";
			sourceTree = "<group>";
		};
		EA7D364F25AEEE18005E3EBF /* Screenshots */ = {
			isa = PBXGroup;
			children = (
				EA7D365025AEEE57005E3EBF /* Снимок экрана 2021-01-13 в 12.31.12.png */,
				EA7D365125AEEE57005E3EBF /* Снимок экрана 2021-01-13 в 12.31.21.png */,
			);
			path = Screenshots;
			sourceTree = "<group>";
		};
/* End PBXGroup section */

/* Begin PBXNativeTarget section */
		EA7D361E25ACDCB2005E3EBF /* OpenWeatherMapAPI */ = {
			isa = PBXNativeTarget;
			buildConfigurationList = EA7D363325ACDCB3005E3EBF /* Build configuration list for PBXNativeTarget "OpenWeatherMapAPI" */;
			buildPhases = (
				EA7D361B25ACDCB2005E3EBF /* Sources */,
				EA7D361C25ACDCB2005E3EBF /* Frameworks */,
				EA7D361D25ACDCB2005E3EBF /* Resources */,
			);
			buildRules = (
			);
			dependencies = (
			);
			name = OpenWeatherMapAPI;
			productName = OpenWeatherMapAPI;
			productReference = EA7D361F25ACDCB2005E3EBF /* OpenWeatherMapAPI.app */;
			productType = "com.apple.product-type.application";
		};
/* End PBXNativeTarget section */

/* Begin PBXProject section */
		EA7D361725ACDCB2005E3EBF /* Project object */ = {
			isa = PBXProject;
			attributes = {
				LastSwiftUpdateCheck = 1230;
				LastUpgradeCheck = 1230;
				TargetAttributes = {
					EA7D361E25ACDCB2005E3EBF = {
						CreatedOnToolsVersion = 12.3;
					};
				};
			};
			buildConfigurationList = EA7D361A25ACDCB2005E3EBF /* Build configuration list for PBXProject "OpenWeatherMapAPI" */;
			compatibilityVersion = "Xcode 9.3";
			developmentRegion = en;
			hasScannedForEncodings = 0;
			knownRegions = (
				en,
				Base,
			);
			mainGroup = EA7D361625ACDCB2005E3EBF;
			productRefGroup = EA7D362025ACDCB2005E3EBF /* Products */;
			projectDirPath = "";
			projectRoot = "";
			targets = (
				EA7D361E25ACDCB2005E3EBF /* OpenWeatherMapAPI */,
			);
		};
/* End PBXProject section */

/* Begin PBXResourcesBuildPhase section */
		EA7D361D25ACDCB2005E3EBF /* Resources */ = {
			isa = PBXResourcesBuildPhase;
			buildActionMask = 2147483647;
			files = (
				EA7D365225AEEE57005E3EBF /* Снимок экрана 2021-01-13 в 12.31.12.png in Resources */,
				EA7D362F25ACDCB3005E3EBF /* LaunchScreen.storyboard in Resources */,
				EA7D362C25ACDCB3005E3EBF /* Assets.xcassets in Resources */,
				EA7D362A25ACDCB2005E3EBF /* Main.storyboard in Resources */,
				EA7D365325AEEE57005E3EBF /* Снимок экрана 2021-01-13 в 12.31.21.png in Resources */,
			);
			runOnlyForDeploymentPostprocessing = 0;
		};
/* End PBXResourcesBuildPhase section */

/* Begin PBXSourcesBuildPhase section */
		EA7D361B25ACDCB2005E3EBF /* Sources */ = {
			isa = PBXSourcesBuildPhase;
			buildActionMask = 2147483647;
			files = (
				EA7D362725ACDCB2005E3EBF /* ViewController.swift in Sources */,
				EA7D363F25AD76EA005E3EBF /* ViewController+AlertController.swift in Sources */,
				EA7D364C25ADD8F2005E3EBF /* CurrentWeather.swift in Sources */,
				EA7D364225AD8571005E3EBF /* NetworkWeatherManager.swift in Sources */,
				EA7D362325ACDCB2005E3EBF /* AppDelegate.swift in Sources */,
				EA7D362525ACDCB2005E3EBF /* SceneDelegate.swift in Sources */,
				EA7D364925ADD1E5005E3EBF /* CurrentWeatherData.swift in Sources */,
				EA7D364525AD87B7005E3EBF /* Constants.swift in Sources */,
			);
			runOnlyForDeploymentPostprocessing = 0;
		};
/* End PBXSourcesBuildPhase section */

/* Begin PBXVariantGroup section */
		EA7D362825ACDCB2005E3EBF /* Main.storyboard */ = {
			isa = PBXVariantGroup;
			children = (
				EA7D362925ACDCB2005E3EBF /* Base */,
			);
			name = Main.storyboard;
			sourceTree = "<group>";
		};
		EA7D362D25ACDCB3005E3EBF /* LaunchScreen.storyboard */ = {
			isa = PBXVariantGroup;
			children = (
				EA7D362E25ACDCB3005E3EBF /* Base */,
			);
			name = LaunchScreen.storyboard;
			sourceTree = "<group>";
		};
/* End PBXVariantGroup section */

/* Begin XCBuildConfiguration section */
		EA7D363125ACDCB3005E3EBF /* Debug */ = {
			isa = XCBuildConfiguration;
			buildSettings = {
				ALWAYS_SEARCH_USER_PATHS = NO;
				CLANG_ANALYZER_NONNULL = YES;
				CLANG_ANALYZER_NUMBER_OBJECT_CONVERSION = YES_AGGRESSIVE;
				CLANG_CXX_LANGUAGE_STANDARD = "gnu++14";
				CLANG_CXX_LIBRARY = "libc++";
				CLANG_ENABLE_MODULES = YES;
				CLANG_ENABLE_OBJC_ARC = YES;
				CLANG_ENABLE_OBJC_WEAK = YES;
				CLANG_WARN_BLOCK_CAPTURE_AUTORELEASING = YES;
				CLANG_WARN_BOOL_CONVERSION = YES;
				CLANG_WARN_COMMA = YES;
				CLANG_WARN_CONSTANT_CONVERSION = YES;
				CLANG_WARN_DEPRECATED_OBJC_IMPLEMENTATIONS = YES;
				CLANG_WARN_DIRECT_OBJC_ISA_USAGE = YES_ERROR;
				CLANG_WARN_DOCUMENTATION_COMMENTS = YES;
				CLANG_WARN_EMPTY_BODY = YES;
				CLANG_WARN_ENUM_CONVERSION = YES;
				CLANG_WARN_INFINITE_RECURSION = YES;
				CLANG_WARN_INT_CONVERSION = YES;
				CLANG_WARN_NON_LITERAL_NULL_CONVERSION = YES;
				CLANG_WARN_OBJC_IMPLICIT_RETAIN_SELF = YES;
				CLANG_WARN_OBJC_LITERAL_CONVERSION = YES;
				CLANG_WARN_OBJC_ROOT_CLASS = YES_ERROR;
				CLANG_WARN_QUOTED_INCLUDE_IN_FRAMEWORK_HEADER = YES;
				CLANG_WARN_RANGE_LOOP_ANALYSIS = YES;
				CLANG_WARN_STRICT_PROTOTYPES = YES;
				CLANG_WARN_SUSPICIOUS_MOVE = YES;
				CLANG_WARN_UNGUARDED_AVAILABILITY = YES_AGGRESSIVE;
				CLANG_WARN_UNREACHABLE_CODE = YES;
				CLANG_WARN__DUPLICATE_METHOD_MATCH = YES;
				COPY_PHASE_STRIP = NO;
				DEBUG_INFORMATION_FORMAT = dwarf;
				ENABLE_STRICT_OBJC_MSGSEND = YES;
				ENABLE_TESTABILITY = YES;
				GCC_C_LANGUAGE_STANDARD = gnu11;
				GCC_DYNAMIC_NO_PIC = NO;
				GCC_NO_COMMON_BLOCKS = YES;
				GCC_OPTIMIZATION_LEVEL = 0;
				GCC_PREPROCESSOR_DEFINITIONS = (
					"DEBUG=1",
					"$(inherited)",
				);
				GCC_WARN_64_TO_32_BIT_CONVERSION = YES;
				GCC_WARN_ABOUT_RETURN_TYPE = YES_ERROR;
				GCC_WARN_UNDECLARED_SELECTOR = YES;
				GCC_WARN_UNINITIALIZED_AUTOS = YES_AGGRESSIVE;
				GCC_WARN_UNUSED_FUNCTION = YES;
				GCC_WARN_UNUSED_VARIABLE = YES;
				IPHONEOS_DEPLOYMENT_TARGET = 14.3;
				MTL_ENABLE_DEBUG_INFO = INCLUDE_SOURCE;
				MTL_FAST_MATH = YES;
				ONLY_ACTIVE_ARCH = YES;
				SDKROOT = iphoneos;
				SWIFT_ACTIVE_COMPILATION_CONDITIONS = DEBUG;
				SWIFT_OPTIMIZATION_LEVEL = "-Onone";
			};
			name = Debug;
		};
		EA7D363225ACDCB3005E3EBF /* Release */ = {
			isa = XCBuildConfiguration;
			buildSettings = {
				ALWAYS_SEARCH_USER_PATHS = NO;
				CLANG_ANALYZER_NONNULL = YES;
				CLANG_ANALYZER_NUMBER_OBJECT_CONVERSION = YES_AGGRESSIVE;
				CLANG_CXX_LANGUAGE_STANDARD = "gnu++14";
				CLANG_CXX_LIBRARY = "libc++";
				CLANG_ENABLE_MODULES = YES;
				CLANG_ENABLE_OBJC_ARC = YES;
				CLANG_ENABLE_OBJC_WEAK = YES;
				CLANG_WARN_BLOCK_CAPTURE_AUTORELEASING = YES;
				CLANG_WARN_BOOL_CONVERSION = YES;
				CLANG_WARN_COMMA = YES;
				CLANG_WARN_CONSTANT_CONVERSION = YES;
				CLANG_WARN_DEPRECATED_OBJC_IMPLEMENTATIONS = YES;
				CLANG_WARN_DIRECT_OBJC_ISA_USAGE = YES_ERROR;
				CLANG_WARN_DOCUMENTATION_COMMENTS = YES;
				CLANG_WARN_EMPTY_BODY = YES;
				CLANG_WARN_ENUM_CONVERSION = YES;
				CLANG_WARN_INFINITE_RECURSION = YES;
				CLANG_WARN_INT_CONVERSION = YES;
				CLANG_WARN_NON_LITERAL_NULL_CONVERSION = YES;
				CLANG_WARN_OBJC_IMPLICIT_RETAIN_SELF = YES;
				CLANG_WARN_OBJC_LITERAL_CONVERSION = YES;
				CLANG_WARN_OBJC_ROOT_CLASS = YES_ERROR;
				CLANG_WARN_QUOTED_INCLUDE_IN_FRAMEWORK_HEADER = YES;
				CLANG_WARN_RANGE_LOOP_ANALYSIS = YES;
				CLANG_WARN_STRICT_PROTOTYPES = YES;
				CLANG_WARN_SUSPICIOUS_MOVE = YES;
				CLANG_WARN_UNGUARDED_AVAILABILITY = YES_AGGRESSIVE;
				CLANG_WARN_UNREACHABLE_CODE = YES;
				CLANG_WARN__DUPLICATE_METHOD_MATCH = YES;
				COPY_PHASE_STRIP = NO;
				DEBUG_INFORMATION_FORMAT = "dwarf-with-dsym";
				ENABLE_NS_ASSERTIONS = NO;
				ENABLE_STRICT_OBJC_MSGSEND = YES;
				GCC_C_LANGUAGE_STANDARD = gnu11;
				GCC_NO_COMMON_BLOCKS = YES;
				GCC_WARN_64_TO_32_BIT_CONVERSION = YES;
				GCC_WARN_ABOUT_RETURN_TYPE = YES_ERROR;
				GCC_WARN_UNDECLARED_SELECTOR = YES;
				GCC_WARN_UNINITIALIZED_AUTOS = YES_AGGRESSIVE;
				GCC_WARN_UNUSED_FUNCTION = YES;
				GCC_WARN_UNUSED_VARIABLE = YES;
				IPHONEOS_DEPLOYMENT_TARGET = 14.3;
				MTL_ENABLE_DEBUG_INFO = NO;
				MTL_FAST_MATH = YES;
				SDKROOT = iphoneos;
				SWIFT_COMPILATION_MODE = wholemodule;
				SWIFT_OPTIMIZATION_LEVEL = "-O";
				VALIDATE_PRODUCT = YES;
			};
			name = Release;
		};
		EA7D363425ACDCB3005E3EBF /* Debug */ = {
			isa = XCBuildConfiguration;
			buildSettings = {
				ASSETCATALOG_COMPILER_APPICON_NAME = AppIcon;
				ASSETCATALOG_COMPILER_GLOBAL_ACCENT_COLOR_NAME = AccentColor;
				CODE_SIGN_STYLE = Automatic;
				INFOPLIST_FILE = OpenWeatherMapAPI/Info.plist;
				LD_RUNPATH_SEARCH_PATHS = (
					"$(inherited)",
					"@executable_path/Frameworks",
				);
				PRODUCT_BUNDLE_IDENTIFIER = IsaikinSergei.OpenWeatherMapAPI;
				PRODUCT_NAME = "$(TARGET_NAME)";
				SWIFT_VERSION = 5.0;
				TARGETED_DEVICE_FAMILY = "1,2";
			};
			name = Debug;
		};
		EA7D363525ACDCB3005E3EBF /* Release */ = {
			isa = XCBuildConfiguration;
			buildSettings = {
				ASSETCATALOG_COMPILER_APPICON_NAME = AppIcon;
				ASSETCATALOG_COMPILER_GLOBAL_ACCENT_COLOR_NAME = AccentColor;
				CODE_SIGN_STYLE = Automatic;
				INFOPLIST_FILE = OpenWeatherMapAPI/Info.plist;
				LD_RUNPATH_SEARCH_PATHS = (
					"$(inherited)",
					"@executable_path/Frameworks",
				);
				PRODUCT_BUNDLE_IDENTIFIER = IsaikinSergei.OpenWeatherMapAPI;
				PRODUCT_NAME = "$(TARGET_NAME)";
				SWIFT_VERSION = 5.0;
				TARGETED_DEVICE_FAMILY = "1,2";
			};
			name = Release;
		};
/* End XCBuildConfiguration section */

/* Begin XCConfigurationList section */
		EA7D361A25ACDCB2005E3EBF /* Build configuration list for PBXProject "OpenWeatherMapAPI" */ = {
			isa = XCConfigurationList;
			buildConfigurations = (
				EA7D363125ACDCB3005E3EBF /* Debug */,
				EA7D363225ACDCB3005E3EBF /* Release */,
			);
			defaultConfigurationIsVisible = 0;
			defaultConfigurationName = Release;
		};
		EA7D363325ACDCB3005E3EBF /* Build configuration list for PBXNativeTarget "OpenWeatherMapAPI" */ = {
			isa = XCConfigurationList;
			buildConfigurations = (
				EA7D363425ACDCB3005E3EBF /* Debug */,
				EA7D363525ACDCB3005E3EBF /* Release */,
			);
			defaultConfigurationIsVisible = 0;
			defaultConfigurationName = Release;
		};
/* End XCConfigurationList section */
	};
	rootObject = EA7D361725ACDCB2005E3EBF /* Project object */;
}
